
Microsoft Visual Studio Solution File, Format Version 12.00
Project("{FAE04EC0-301F-11D3-BF4B-00C04F79EFBC}") = "Labmate.WebApi", "Labmate.WebApi\Labmate.WebApi.csproj", "{9A5761D8-D251-4E3D-B3BB-51B68A140A3D}"
EndProject
Global
	GlobalSection(SolutionConfigurationPlatforms) = preSolution
		Debug|Any CPU = Debug|Any CPU
		Release|Any CPU = Release|Any CPU
	EndGlobalSection
	GlobalSection(ProjectConfigurationPlatforms) = postSolution
		{9A5761D8-D251-4E3D-B3BB-51B68A140A3D}.Debug|Any CPU.ActiveCfg = Debug|Any CPU
		{9A5761D8-D251-4E3D-B3BB-51B68A140A3D}.Debug|Any CPU.Build.0 = Debug|Any CPU
		{9A5761D8-D251-4E3D-B3BB-51B68A140A3D}.Release|Any CPU.ActiveCfg = Release|Any CPU
		{9A5761D8-D251-4E3D-B3BB-51B68A140A3D}.Release|Any CPU.Build.0 = Release|Any CPU
	EndGlobalSection
EndGlobal
